# This file is automatically @generated by Cargo.
# It is not intended for manual editing.
version = 4

[[package]]
name = "norc-cli"
version = "0.1.0"

[[package]]
name = "norc-client"
version = "0.1.0"

[[package]]
name = "norc-client-core"
version = "0.1.0"

[[package]]
name = "norc-protocol"
version = "0.1.0"

[[package]]
name = "norc-server"
version = "0.1.0"

[[package]]
name = "norc-server-core"
version = "0.1.0"

[[package]]
name = "norc-transport"
version = "0.1.0"

[[package]]
name = "norc-tui"
version = "0.1.0"
